// !$*UTF8*$!
{
	archiveVersion = 1;
	classes = {
	};
	objectVersion = 50;
	objects = {

/* Begin PBXBuildFile section */
		D04AE6CE2128C358002F8F6A /* HistoryNavigationController.swift in Sources */ = {isa = PBXBuildFile; fileRef = D04AE6CD2128C358002F8F6A /* HistoryNavigationController.swift */; };
		D0ACA1432126310200C955FB /* AppDelegate.swift in Sources */ = {isa = PBXBuildFile; fileRef = D0ACA1422126310200C955FB /* AppDelegate.swift */; };
		D0ACA1452126310200C955FB /* MainViewController.swift in Sources */ = {isa = PBXBuildFile; fileRef = D0ACA1442126310200C955FB /* MainViewController.swift */; };
		D0ACA1482126310200C955FB /* Main.storyboard in Resources */ = {isa = PBXBuildFile; fileRef = D0ACA1462126310200C955FB /* Main.storyboard */; };
		D0ACA14A2126310300C955FB /* Assets.xcassets in Resources */ = {isa = PBXBuildFile; fileRef = D0ACA1492126310300C955FB /* Assets.xcassets */; };
		D0ACA14D2126310300C955FB /* LaunchScreen.storyboard in Resources */ = {isa = PBXBuildFile; fileRef = D0ACA14B2126310300C955FB /* LaunchScreen.storyboard */; };
		D0ACA1552126313400C955FB /* DailyRecord.swift in Sources */ = {isa = PBXBuildFile; fileRef = D0ACA1542126313400C955FB /* DailyRecord.swift */; };
		D0ACA1572126315D00C955FB /* DailyRecordStore.swift in Sources */ = {isa = PBXBuildFile; fileRef = D0ACA1562126315D00C955FB /* DailyRecordStore.swift */; };
		D0ACA1612126358300C955FB /* Charts.framework in Frameworks */ = {isa = PBXBuildFile; fileRef = D0ACA15E2126352500C955FB /* Charts.framework */; };
		D0ACA1622126358300C955FB /* Charts.framework in Embed Frameworks */ = {isa = PBXBuildFile; fileRef = D0ACA15E2126352500C955FB /* Charts.framework */; settings = {ATTRIBUTES = (CodeSignOnCopy, RemoveHeadersOnCopy, ); }; };
		D0FF87CE2127AB16003C8644 /* SettingsViewController.swift in Sources */ = {isa = PBXBuildFile; fileRef = D0FF87CD2127AB16003C8644 /* SettingsViewController.swift */; };
		D0FF87D02127AB58003C8644 /* SettingsTableTableViewController.swift in Sources */ = {isa = PBXBuildFile; fileRef = D0FF87CF2127AB58003C8644 /* SettingsTableTableViewController.swift */; };
		D0FF87D22127AE13003C8644 /* HistoryTableViewController.swift in Sources */ = {isa = PBXBuildFile; fileRef = D0FF87D12127AE13003C8644 /* HistoryTableViewController.swift */; };
/* End PBXBuildFile section */

/* Begin PBXContainerItemProxy section */
		D0ACA15D2126352500C955FB /* PBXContainerItemProxy */ = {
			isa = PBXContainerItemProxy;
			containerPortal = D0ACA1582126352500C955FB /* Charts.xcodeproj */;
			proxyType = 2;
			remoteGlobalIDString = 65AD9E95D9ED4DC0BD73A743;
			remoteInfo = Charts;
		};
		D0ACA15F2126352500C955FB /* PBXContainerItemProxy */ = {
			isa = PBXContainerItemProxy;
			containerPortal = D0ACA1582126352500C955FB /* Charts.xcodeproj */;
			proxyType = 2;
			remoteGlobalIDString = 1CBBC58C6CE1EBEE9852CE41;
			remoteInfo = ChartsTests;
		};
		D0ACA1632126358300C955FB /* PBXContainerItemProxy */ = {
			isa = PBXContainerItemProxy;
			containerPortal = D0ACA1582126352500C955FB /* Charts.xcodeproj */;
			proxyType = 1;
			remoteGlobalIDString = A58A4ED274A941CA248EA921;
			remoteInfo = Charts;
		};
/* End PBXContainerItemProxy section */

/* Begin PBXCopyFilesBuildPhase section */
		D0ACA1652126358300C955FB /* Embed Frameworks */ = {
			isa = PBXCopyFilesBuildPhase;
			buildActionMask = 2147483647;
			dstPath = "";
			dstSubfolderSpec = 10;
			files = (
				D0ACA1622126358300C955FB /* Charts.framework in Embed Frameworks */,
			);
			name = "Embed Frameworks";
			runOnlyForDeploymentPostprocessing = 0;
		};
/* End PBXCopyFilesBuildPhase section */

/* Begin PBXFileReference section */
		D04AE6CD2128C358002F8F6A /* HistoryNavigationController.swift */ = {isa = PBXFileReference; lastKnownFileType = sourcecode.swift; path = HistoryNavigationController.swift; sourceTree = "<group>"; };
		D0ACA13F2126310200C955FB /* ChoiceTrackerAPP.app */ = {isa = PBXFileReference; explicitFileType = wrapper.application; includeInIndex = 0; path = ChoiceTrackerAPP.app; sourceTree = BUILT_PRODUCTS_DIR; };
		D0ACA1422126310200C955FB /* AppDelegate.swift */ = {isa = PBXFileReference; lastKnownFileType = sourcecode.swift; path = AppDelegate.swift; sourceTree = "<group>"; };
		D0ACA1442126310200C955FB /* MainViewController.swift */ = {isa = PBXFileReference; lastKnownFileType = sourcecode.swift; path = MainViewController.swift; sourceTree = "<group>"; };
		D0ACA1472126310200C955FB /* Base */ = {isa = PBXFileReference; lastKnownFileType = file.storyboard; name = Base; path = Base.lproj/Main.storyboard; sourceTree = "<group>"; };
		D0ACA1492126310300C955FB /* Assets.xcassets */ = {isa = PBXFileReference; lastKnownFileType = folder.assetcatalog; path = Assets.xcassets; sourceTree = "<group>"; };
		D0ACA14C2126310300C955FB /* Base */ = {isa = PBXFileReference; lastKnownFileType = file.storyboard; name = Base; path = Base.lproj/LaunchScreen.storyboard; sourceTree = "<group>"; };
		D0ACA14E2126310300C955FB /* Info.plist */ = {isa = PBXFileReference; lastKnownFileType = text.plist.xml; path = Info.plist; sourceTree = "<group>"; };
		D0ACA1542126313400C955FB /* DailyRecord.swift */ = {isa = PBXFileReference; lastKnownFileType = sourcecode.swift; path = DailyRecord.swift; sourceTree = "<group>"; };
		D0ACA1562126315D00C955FB /* DailyRecordStore.swift */ = {isa = PBXFileReference; lastKnownFileType = sourcecode.swift; path = DailyRecordStore.swift; sourceTree = "<group>"; };
		D0ACA1582126352500C955FB /* Charts.xcodeproj */ = {isa = PBXFileReference; lastKnownFileType = "wrapper.pb-project"; name = Charts.xcodeproj; path = "../Charts-master/Charts.xcodeproj"; sourceTree = "<group>"; };
		D0FF87CD2127AB16003C8644 /* SettingsViewController.swift */ = {isa = PBXFileReference; lastKnownFileType = sourcecode.swift; path = SettingsViewController.swift; sourceTree = "<group>"; };
		D0FF87CF2127AB58003C8644 /* SettingsTableTableViewController.swift */ = {isa = PBXFileReference; lastKnownFileType = sourcecode.swift; path = SettingsTableTableViewController.swift; sourceTree = "<group>"; };
		D0FF87D12127AE13003C8644 /* HistoryTableViewController.swift */ = {isa = PBXFileReference; lastKnownFileType = sourcecode.swift; path = HistoryTableViewController.swift; sourceTree = "<group>"; };
/* End PBXFileReference section */

/* Begin PBXFrameworksBuildPhase section */
		D0ACA13C2126310200C955FB /* Frameworks */ = {
			isa = PBXFrameworksBuildPhase;
			buildActionMask = 2147483647;
			files = (
				D0ACA1612126358300C955FB /* Charts.framework in Frameworks */,
			);
			runOnlyForDeploymentPostprocessing = 0;
		};
/* End PBXFrameworksBuildPhase section */

/* Begin PBXGroup section */
		D0ACA1362126310200C955FB = {
			isa = PBXGroup;
			children = (
				D0ACA1412126310200C955FB /* ChoiceTrackerAPP */,
				D0ACA1402126310200C955FB /* Products */,
				D0ACA1582126352500C955FB /* Charts.xcodeproj */,
			);
			sourceTree = "<group>";
		};
		D0ACA1402126310200C955FB /* Products */ = {
			isa = PBXGroup;
			children = (
				D0ACA13F2126310200C955FB /* ChoiceTrackerAPP.app */,
			);
			name = Products;
			sourceTree = "<group>";
		};
		D0ACA1412126310200C955FB /* ChoiceTrackerAPP */ = {
			isa = PBXGroup;
			children = (
				D0ACA1542126313400C955FB /* DailyRecord.swift */,
				D0ACA1562126315D00C955FB /* DailyRecordStore.swift */,
				D0ACA1422126310200C955FB /* AppDelegate.swift */,
				D0ACA1462126310200C955FB /* Main.storyboard */,
				D04AE6CD2128C358002F8F6A /* HistoryNavigationController.swift */,
				D0ACA1442126310200C955FB /* MainViewController.swift */,
				D0FF87CF2127AB58003C8644 /* SettingsTableTableViewController.swift */,
				D0FF87CD2127AB16003C8644 /* SettingsViewController.swift */,
				D0FF87D12127AE13003C8644 /* HistoryTableViewController.swift */,
				D0ACA1492126310300C955FB /* Assets.xcassets */,
				D0ACA14B2126310300C955FB /* LaunchScreen.storyboard */,
				D0ACA14E2126310300C955FB /* Info.plist */,
			);
			path = ChoiceTrackerAPP;
			sourceTree = "<group>";
		};
		D0ACA1592126352500C955FB /* Products */ = {
			isa = PBXGroup;
			children = (
				D0ACA15E2126352500C955FB /* Charts.framework */,
				D0ACA1602126352500C955FB /* ChartsTests.xctest */,
			);
			name = Products;
			sourceTree = "<group>";
		};
/* End PBXGroup section */

/* Begin PBXNativeTarget section */
		D0ACA13E2126310200C955FB /* ChoiceTrackerAPP */ = {
			isa = PBXNativeTarget;
			buildConfigurationList = D0ACA1512126310300C955FB /* Build configuration list for PBXNativeTarget "ChoiceTrackerAPP" */;
			buildPhases = (
				D0ACA13B2126310200C955FB /* Sources */,
				D0ACA13C2126310200C955FB /* Frameworks */,
				D0ACA13D2126310200C955FB /* Resources */,
				D0ACA1652126358300C955FB /* Embed Frameworks */,
			);
			buildRules = (
			);
			dependencies = (
				D0ACA1642126358300C955FB /* PBXTargetDependency */,
			);
			name = ChoiceTrackerAPP;
			productName = ChoiceTrackerAPP;
			productReference = D0ACA13F2126310200C955FB /* ChoiceTrackerAPP.app */;
			productType = "com.apple.product-type.application";
		};
/* End PBXNativeTarget section */

/* Begin PBXProject section */
		D0ACA1372126310200C955FB /* Project object */ = {
			isa = PBXProject;
			attributes = {
				LastSwiftUpdateCheck = 0940;
				LastUpgradeCheck = 0940;
				ORGANIZATIONNAME = "Matt Green";
				TargetAttributes = {
					D0ACA13E2126310200C955FB = {
						CreatedOnToolsVersion = 9.4.1;
					};
				};
			};
			buildConfigurationList = D0ACA13A2126310200C955FB /* Build configuration list for PBXProject "ChoiceTrackerAPP" */;
			compatibilityVersion = "Xcode 9.3";
			developmentRegion = en;
			hasScannedForEncodings = 0;
			knownRegions = (
				en,
				Base,
			);
			mainGroup = D0ACA1362126310200C955FB;
			productRefGroup = D0ACA1402126310200C955FB /* Products */;
			projectDirPath = "";
			projectReferences = (
				{
					ProductGroup = D0ACA1592126352500C955FB /* Products */;
					ProjectRef = D0ACA1582126352500C955FB /* Charts.xcodeproj */;
				},
			);
			projectRoot = "";
			targets = (
				D0ACA13E2126310200C955FB /* ChoiceTrackerAPP */,
			);
		};
/* End PBXProject section */

/* Begin PBXReferenceProxy section */
		D0ACA15E2126352500C955FB /* Charts.framework */ = {
			isa = PBXReferenceProxy;
			fileType = wrapper.framework;
			path = Charts.framework;
			remoteRef = D0ACA15D2126352500C955FB /* PBXContainerItemProxy */;
			sourceTree = BUILT_PRODUCTS_DIR;
		};
		D0ACA1602126352500C955FB /* ChartsTests.xctest */ = {
			isa = PBXReferenceProxy;
			fileType = wrapper.cfbundle;
			path = ChartsTests.xctest;
			remoteRef = D0ACA15F2126352500C955FB /* PBXContainerItemProxy */;
			sourceTree = BUILT_PRODUCTS_DIR;
		};
/* End PBXReferenceProxy section */

/* Begin PBXResourcesBuildPhase section */
		D0ACA13D2126310200C955FB /* Resources */ = {
			isa = PBXResourcesBuildPhase;
			buildActionMask = 2147483647;
			files = (
				D0ACA14D2126310300C955FB /* LaunchScreen.storyboard in Resources */,
				D0ACA14A2126310300C955FB /* Assets.xcassets in Resources */,
				D0ACA1482126310200C955FB /* Main.storyboard in Resources */,
			);
			runOnlyForDeploymentPostprocessing = 0;
		};
/* End PBXResourcesBuildPhase section */

/* Begin PBXSourcesBuildPhase section */
		D0ACA13B2126310200C955FB /* Sources */ = {
			isa = PBXSourcesBuildPhase;
			buildActionMask = 2147483647;
			files = (
				D0FF87D22127AE13003C8644 /* HistoryTableViewController.swift in Sources */,
				D0ACA1572126315D00C955FB /* DailyRecordStore.swift in Sources */,
				D0FF87D02127AB58003C8644 /* SettingsTableTableViewController.swift in Sources */,
				D0ACA1452126310200C955FB /* MainViewController.swift in Sources */,
				D0ACA1552126313400C955FB /* DailyRecord.swift in Sources */,
				D0ACA1432126310200C955FB /* AppDelegate.swift in Sources */,
				D04AE6CE2128C358002F8F6A /* HistoryNavigationController.swift in Sources */,
				D0FF87CE2127AB16003C8644 /* SettingsViewController.swift in Sources */,
			);
			runOnlyForDeploymentPostprocessing = 0;
		};
/* End PBXSourcesBuildPhase section */

/* Begin PBXTargetDependency section */
		D0ACA1642126358300C955FB /* PBXTargetDependency */ = {
			isa = PBXTargetDependency;
			name = Charts;
			targetProxy = D0ACA1632126358300C955FB /* PBXContainerItemProxy */;
		};
/* End PBXTargetDependency section */

/* Begin PBXVariantGroup section */
		D0ACA1462126310200C955FB /* Main.storyboard */ = {
			isa = PBXVariantGroup;
			children = (
				D0ACA1472126310200C955FB /* Base */,
			);
			name = Main.storyboard;
			sourceTree = "<group>";
		};
		D0ACA14B2126310300C955FB /* LaunchScreen.storyboard */ = {
			isa = PBXVariantGroup;
			children = (
				D0ACA14C2126310300C955FB /* Base */,
			);
			name = LaunchScreen.storyboard;
			sourceTree = "<group>";
		};
/* End PBXVariantGroup section */

/* Begin XCBuildConfiguration section */
		D0ACA14F2126310300C955FB /* Debug */ = {
			isa = XCBuildConfiguration;
			buildSettings = {
				ALWAYS_SEARCH_USER_PATHS = NO;
				CLANG_ANALYZER_NONNULL = YES;
				CLANG_ANALYZER_NUMBER_OBJECT_CONVERSION = YES_AGGRESSIVE;
				CLANG_CXX_LANGUAGE_STANDARD = "gnu++14";
				CLANG_CXX_LIBRARY = "libc++";
				CLANG_ENABLE_MODULES = YES;
				CLANG_ENABLE_OBJC_ARC = YES;
				CLANG_ENABLE_OBJC_WEAK = YES;
				CLANG_WARN_BLOCK_CAPTURE_AUTORELEASING = YES;
				CLANG_WARN_BOOL_CONVERSION = YES;
				CLANG_WARN_COMMA = YES;
				CLANG_WARN_CONSTANT_CONVERSION = YES;
				CLANG_WARN_DEPRECATED_OBJC_IMPLEMENTATIONS = YES;
				CLANG_WARN_DIRECT_OBJC_ISA_USAGE = YES_ERROR;
				CLANG_WARN_DOCUMENTATION_COMMENTS = YES;
				CLANG_WARN_EMPTY_BODY = YES;
				CLANG_WARN_ENUM_CONVERSION = YES;
				CLANG_WARN_INFINITE_RECURSION = YES;
				CLANG_WARN_INT_CONVERSION = YES;
				CLANG_WARN_NON_LITERAL_NULL_CONVERSION = YES;
				CLANG_WARN_OBJC_IMPLICIT_RETAIN_SELF = YES;
				CLANG_WARN_OBJC_LITERAL_CONVERSION = YES;
				CLANG_WARN_OBJC_ROOT_CLASS = YES_ERROR;
				CLANG_WARN_RANGE_LOOP_ANALYSIS = YES;
				CLANG_WARN_STRICT_PROTOTYPES = YES;
				CLANG_WARN_SUSPICIOUS_MOVE = YES;
				CLANG_WARN_UNGUARDED_AVAILABILITY = YES_AGGRESSIVE;
				CLANG_WARN_UNREACHABLE_CODE = YES;
				CLANG_WARN__DUPLICATE_METHOD_MATCH = YES;
				CODE_SIGN_IDENTITY = "iPhone Developer";
				COPY_PHASE_STRIP = NO;
				DEBUG_INFORMATION_FORMAT = dwarf;
				ENABLE_STRICT_OBJC_MSGSEND = YES;
				ENABLE_TESTABILITY = YES;
				GCC_C_LANGUAGE_STANDARD = gnu11;
				GCC_DYNAMIC_NO_PIC = NO;
				GCC_NO_COMMON_BLOCKS = YES;
				GCC_OPTIMIZATION_LEVEL = 0;
				GCC_PREPROCESSOR_DEFINITIONS = (
					"DEBUG=1",
					"$(inherited)",
				);
				GCC_WARN_64_TO_32_BIT_CONVERSION = YES;
				GCC_WARN_ABOUT_RETURN_TYPE = YES_ERROR;
				GCC_WARN_UNDECLARED_SELECTOR = YES;
				GCC_WARN_UNINITIALIZED_AUTOS = YES_AGGRESSIVE;
				GCC_WARN_UNUSED_FUNCTION = YES;
				GCC_WARN_UNUSED_VARIABLE = YES;
				IPHONEOS_DEPLOYMENT_TARGET = 11.4;
				MTL_ENABLE_DEBUG_INFO = YES;
				ONLY_ACTIVE_ARCH = YES;
				SDKROOT = iphoneos;
				SWIFT_ACTIVE_COMPILATION_CONDITIONS = DEBUG;
				SWIFT_OPTIMIZATION_LEVEL = "-Onone";
			};
			name = Debug;
		};
		D0ACA1502126310300C955FB /* Release */ = {
			isa = XCBuildConfiguration;
			buildSettings = {
				ALWAYS_SEARCH_USER_PATHS = NO;
				CLANG_ANALYZER_NONNULL = YES;
				CLANG_ANALYZER_NUMBER_OBJECT_CONVERSION = YES_AGGRESSIVE;
				CLANG_CXX_LANGUAGE_STANDARD = "gnu++14";
				CLANG_CXX_LIBRARY = "libc++";
				CLANG_ENABLE_MODULES = YES;
				CLANG_ENABLE_OBJC_ARC = YES;
				CLANG_ENABLE_OBJC_WEAK = YES;
				CLANG_WARN_BLOCK_CAPTURE_AUTORELEASING = YES;
				CLANG_WARN_BOOL_CONVERSION = YES;
				CLANG_WARN_COMMA = YES;
				CLANG_WARN_CONSTANT_CONVERSION = YES;
				CLANG_WARN_DEPRECATED_OBJC_IMPLEMENTATIONS = YES;
				CLANG_WARN_DIRECT_OBJC_ISA_USAGE = YES_ERROR;
				CLANG_WARN_DOCUMENTATION_COMMENTS = YES;
				CLANG_WARN_EMPTY_BODY = YES;
				CLANG_WARN_ENUM_CONVERSION = YES;
				CLANG_WARN_INFINITE_RECURSION = YES;
				CLANG_WARN_INT_CONVERSION = YES;
				CLANG_WARN_NON_LITERAL_NULL_CONVERSION = YES;
				CLANG_WARN_OBJC_IMPLICIT_RETAIN_SELF = YES;
				CLANG_WARN_OBJC_LITERAL_CONVERSION = YES;
				CLANG_WARN_OBJC_ROOT_CLASS = YES_ERROR;
				CLANG_WARN_RANGE_LOOP_ANALYSIS = YES;
				CLANG_WARN_STRICT_PROTOTYPES = YES;
				CLANG_WARN_SUSPICIOUS_MOVE = YES;
				CLANG_WARN_UNGUARDED_AVAILABILITY = YES_AGGRESSIVE;
				CLANG_WARN_UNREACHABLE_CODE = YES;
				CLANG_WARN__DUPLICATE_METHOD_MATCH = YES;
				CODE_SIGN_IDENTITY = "iPhone Developer";
				COPY_PHASE_STRIP = NO;
				DEBUG_INFORMATION_FORMAT = "dwarf-with-dsym";
				ENABLE_NS_ASSERTIONS = NO;
				ENABLE_STRICT_OBJC_MSGSEND = YES;
				GCC_C_LANGUAGE_STANDARD = gnu11;
				GCC_NO_COMMON_BLOCKS = YES;
				GCC_WARN_64_TO_32_BIT_CONVERSION = YES;
				GCC_WARN_ABOUT_RETURN_TYPE = YES_ERROR;
				GCC_WARN_UNDECLARED_SELECTOR = YES;
				GCC_WARN_UNINITIALIZED_AUTOS = YES_AGGRESSIVE;
				GCC_WARN_UNUSED_FUNCTION = YES;
				GCC_WARN_UNUSED_VARIABLE = YES;
				IPHONEOS_DEPLOYMENT_TARGET = 11.4;
				MTL_ENABLE_DEBUG_INFO = NO;
				SDKROOT = iphoneos;
				SWIFT_COMPILATION_MODE = wholemodule;
				SWIFT_OPTIMIZATION_LEVEL = "-O";
				VALIDATE_PRODUCT = YES;
			};
			name = Release;
		};
		D0ACA1522126310300C955FB /* Debug */ = {
			isa = XCBuildConfiguration;
			buildSettings = {
				ALWAYS_EMBED_SWIFT_STANDARD_LIBRARIES = YES;
				ASSETCATALOG_COMPILER_APPICON_NAME = AppIcon;
				CODE_SIGN_STYLE = Automatic;
				DEVELOPMENT_TEAM = 4XKKV2P59Y;
				INFOPLIST_FILE = ChoiceTrackerAPP/Info.plist;
				LD_RUNPATH_SEARCH_PATHS = (
					"$(inherited)",
					"@executable_path/Frameworks",
				);
				PRODUCT_BUNDLE_IDENTIFIER = "Matt-Green.ChoiceTrackerAPP";
				PRODUCT_NAME = "$(TARGET_NAME)";
				SWIFT_VERSION = 4.0;
				TARGETED_DEVICE_FAMILY = "1,2";
			};
			name = Debug;
		};
		D0ACA1532126310300C955FB /* Release */ = {
			isa = XCBuildConfiguration;
			buildSettings = {
				ALWAYS_EMBED_SWIFT_STANDARD_LIBRARIES = YES;
				ASSETCATALOG_COMPILER_APPICON_NAME = AppIcon;
				CODE_SIGN_STYLE = Automatic;
				DEVELOPMENT_TEAM = 4XKKV2P59Y;
				INFOPLIST_FILE = ChoiceTrackerAPP/Info.plist;
				LD_RUNPATH_SEARCH_PATHS = (
					"$(inherited)",
					"@executable_path/Frameworks",
				);
				PRODUCT_BUNDLE_IDENTIFIER = "Matt-Green.ChoiceTrackerAPP";
				PRODUCT_NAME = "$(TARGET_NAME)";
				SWIFT_VERSION = 4.0;
				TARGETED_DEVICE_FAMILY = "1,2";
			};
			name = Release;
		};
/* End XCBuildConfiguration section */

/* Begin XCConfigurationList section */
		D0ACA13A2126310200C955FB /* Build configuration list for PBXProject "ChoiceTrackerAPP" */ = {
			isa = XCConfigurationList;
			buildConfigurations = (
				D0ACA14F2126310300C955FB /* Debug */,
				D0ACA1502126310300C955FB /* Release */,
			);
			defaultConfigurationIsVisible = 0;
			defaultConfigurationName = Release;
		};
		D0ACA1512126310300C955FB /* Build configuration list for PBXNativeTarget "ChoiceTrackerAPP" */ = {
			isa = XCConfigurationList;
			buildConfigurations = (
				D0ACA1522126310300C955FB /* Debug */,
				D0ACA1532126310300C955FB /* Release */,
			);
			defaultConfigurationIsVisible = 0;
			defaultConfigurationName = Release;
		};
/* End XCConfigurationList section */
	};
	rootObject = D0ACA1372126310200C955FB /* Project object */;
}
