// !$*UTF8*$!
{
	archiveVersion = 1;
	classes = {
	};
	objectVersion = 50;
	objects = {

/* Begin PBXBuildFile section */
		D0974F5D21287789006CC1AB /* AppDelegate.swift in Sources */ = {isa = PBXBuildFile; fileRef = D0974F5C21287789006CC1AB /* AppDelegate.swift */; };
		D0974F5F21287789006CC1AB /* ViewController.swift in Sources */ = {isa = PBXBuildFile; fileRef = D0974F5E21287789006CC1AB /* ViewController.swift */; };
		D0974F6221287789006CC1AB /* Main.storyboard in Resources */ = {isa = PBXBuildFile; fileRef = D0974F6021287789006CC1AB /* Main.storyboard */; };
		D0974F642128778A006CC1AB /* Assets.xcassets in Resources */ = {isa = PBXBuildFile; fileRef = D0974F632128778A006CC1AB /* Assets.xcassets */; };
		D0974F672128778A006CC1AB /* LaunchScreen.storyboard in Resources */ = {isa = PBXBuildFile; fileRef = D0974F652128778A006CC1AB /* LaunchScreen.storyboard */; };
		D0974F6F212877B0006CC1AB /* ItemsViewController.swift in Sources */ = {isa = PBXBuildFile; fileRef = D0974F6E212877B0006CC1AB /* ItemsViewController.swift */; };
		D0974F7121287811006CC1AB /* Item.swift in Sources */ = {isa = PBXBuildFile; fileRef = D0974F7021287811006CC1AB /* Item.swift */; };
		D0974F732128788E006CC1AB /* ItemStore.swift in Sources */ = {isa = PBXBuildFile; fileRef = D0974F722128788E006CC1AB /* ItemStore.swift */; };
/* End PBXBuildFile section */

/* Begin PBXFileReference section */
		D0974F5921287789006CC1AB /* Homeowner2.app */ = {isa = PBXFileReference; explicitFileType = wrapper.application; includeInIndex = 0; path = Homeowner2.app; sourceTree = BUILT_PRODUCTS_DIR; };
		D0974F5C21287789006CC1AB /* AppDelegate.swift */ = {isa = PBXFileReference; lastKnownFileType = sourcecode.swift; path = AppDelegate.swift; sourceTree = "<group>"; };
		D0974F5E21287789006CC1AB /* ViewController.swift */ = {isa = PBXFileReference; lastKnownFileType = sourcecode.swift; path = ViewController.swift; sourceTree = "<group>"; };
		D0974F6121287789006CC1AB /* Base */ = {isa = PBXFileReference; lastKnownFileType = file.storyboard; name = Base; path = Base.lproj/Main.storyboard; sourceTree = "<group>"; };
		D0974F632128778A006CC1AB /* Assets.xcassets */ = {isa = PBXFileReference; lastKnownFileType = folder.assetcatalog; path = Assets.xcassets; sourceTree = "<group>"; };
		D0974F662128778A006CC1AB /* Base */ = {isa = PBXFileReference; lastKnownFileType = file.storyboard; name = Base; path = Base.lproj/LaunchScreen.storyboard; sourceTree = "<group>"; };
		D0974F682128778A006CC1AB /* Info.plist */ = {isa = PBXFileReference; lastKnownFileType = text.plist.xml; path = Info.plist; sourceTree = "<group>"; };
		D0974F6E212877B0006CC1AB /* ItemsViewController.swift */ = {isa = PBXFileReference; lastKnownFileType = sourcecode.swift; path = ItemsViewController.swift; sourceTree = "<group>"; };
		D0974F7021287811006CC1AB /* Item.swift */ = {isa = PBXFileReference; lastKnownFileType = sourcecode.swift; path = Item.swift; sourceTree = "<group>"; };
		D0974F722128788E006CC1AB /* ItemStore.swift */ = {isa = PBXFileReference; lastKnownFileType = sourcecode.swift; path = ItemStore.swift; sourceTree = "<group>"; };
/* End PBXFileReference section */

/* Begin PBXFrameworksBuildPhase section */
		D0974F5621287789006CC1AB /* Frameworks */ = {
			isa = PBXFrameworksBuildPhase;
			buildActionMask = 2147483647;
			files = (
			);
			runOnlyForDeploymentPostprocessing = 0;
		};
/* End PBXFrameworksBuildPhase section */

/* Begin PBXGroup section */
		D0974F5021287789006CC1AB = {
			isa = PBXGroup;
			children = (
				D0974F5B21287789006CC1AB /* Homeowner2 */,
				D0974F5A21287789006CC1AB /* Products */,
			);
			sourceTree = "<group>";
		};
		D0974F5A21287789006CC1AB /* Products */ = {
			isa = PBXGroup;
			children = (
				D0974F5921287789006CC1AB /* Homeowner2.app */,
			);
			name = Products;
			sourceTree = "<group>";
		};
		D0974F5B21287789006CC1AB /* Homeowner2 */ = {
			isa = PBXGroup;
			children = (
				D0974F5C21287789006CC1AB /* AppDelegate.swift */,
				D0974F5E21287789006CC1AB /* ViewController.swift */,
				D0974F6021287789006CC1AB /* Main.storyboard */,
				D0974F6E212877B0006CC1AB /* ItemsViewController.swift */,
				D0974F7021287811006CC1AB /* Item.swift */,
				D0974F722128788E006CC1AB /* ItemStore.swift */,
				D0974F632128778A006CC1AB /* Assets.xcassets */,
				D0974F652128778A006CC1AB /* LaunchScreen.storyboard */,
				D0974F682128778A006CC1AB /* Info.plist */,
			);
			path = Homeowner2;
			sourceTree = "<group>";
		};
/* End PBXGroup section */

/* Begin PBXNativeTarget section */
		D0974F5821287789006CC1AB /* Homeowner2 */ = {
			isa = PBXNativeTarget;
			buildConfigurationList = D0974F6B2128778A006CC1AB /* Build configuration list for PBXNativeTarget "Homeowner2" */;
			buildPhases = (
				D0974F5521287789006CC1AB /* Sources */,
				D0974F5621287789006CC1AB /* Frameworks */,
				D0974F5721287789006CC1AB /* Resources */,
			);
			buildRules = (
			);
			dependencies = (
			);
			name = Homeowner2;
			productName = Homeowner2;
			productReference = D0974F5921287789006CC1AB /* Homeowner2.app */;
			productType = "com.apple.product-type.application";
		};
/* End PBXNativeTarget section */

/* Begin PBXProject section */
		D0974F5121287789006CC1AB /* Project object */ = {
			isa = PBXProject;
			attributes = {
				LastSwiftUpdateCheck = 0940;
				LastUpgradeCheck = 0940;
				ORGANIZATIONNAME = "Matt Green";
				TargetAttributes = {
					D0974F5821287789006CC1AB = {
						CreatedOnToolsVersion = 9.4.1;
					};
				};
			};
			buildConfigurationList = D0974F5421287789006CC1AB /* Build configuration list for PBXProject "Homeowner2" */;
			compatibilityVersion = "Xcode 9.3";
			developmentRegion = en;
			hasScannedForEncodings = 0;
			knownRegions = (
				en,
				Base,
			);
			mainGroup = D0974F5021287789006CC1AB;
			productRefGroup = D0974F5A21287789006CC1AB /* Products */;
			projectDirPath = "";
			projectRoot = "";
			targets = (
				D0974F5821287789006CC1AB /* Homeowner2 */,
			);
		};
/* End PBXProject section */

/* Begin PBXResourcesBuildPhase section */
		D0974F5721287789006CC1AB /* Resources */ = {
			isa = PBXResourcesBuildPhase;
			buildActionMask = 2147483647;
			files = (
				D0974F672128778A006CC1AB /* LaunchScreen.storyboard in Resources */,
				D0974F642128778A006CC1AB /* Assets.xcassets in Resources */,
				D0974F6221287789006CC1AB /* Main.storyboard in Resources */,
			);
			runOnlyForDeploymentPostprocessing = 0;
		};
/* End PBXResourcesBuildPhase section */

/* Begin PBXSourcesBuildPhase section */
		D0974F5521287789006CC1AB /* Sources */ = {
			isa = PBXSourcesBuildPhase;
			buildActionMask = 2147483647;
			files = (
				D0974F7121287811006CC1AB /* Item.swift in Sources */,
				D0974F5F21287789006CC1AB /* ViewController.swift in Sources */,
				D0974F6F212877B0006CC1AB /* ItemsViewController.swift in Sources */,
				D0974F732128788E006CC1AB /* ItemStore.swift in Sources */,
				D0974F5D21287789006CC1AB /* AppDelegate.swift in Sources */,
			);
			runOnlyForDeploymentPostprocessing = 0;
		};
/* End PBXSourcesBuildPhase section */

/* Begin PBXVariantGroup section */
		D0974F6021287789006CC1AB /* Main.storyboard */ = {
			isa = PBXVariantGroup;
			children = (
				D0974F6121287789006CC1AB /* Base */,
			);
			name = Main.storyboard;
			sourceTree = "<group>";
		};
		D0974F652128778A006CC1AB /* LaunchScreen.storyboard */ = {
			isa = PBXVariantGroup;
			children = (
				D0974F662128778A006CC1AB /* Base */,
			);
			name = LaunchScreen.storyboard;
			sourceTree = "<group>";
		};
/* End PBXVariantGroup section */

/* Begin XCBuildConfiguration section */
		D0974F692128778A006CC1AB /* Debug */ = {
			isa = XCBuildConfiguration;
			buildSettings = {
				ALWAYS_SEARCH_USER_PATHS = NO;
				CLANG_ANALYZER_NONNULL = YES;
				CLANG_ANALYZER_NUMBER_OBJECT_CONVERSION = YES_AGGRESSIVE;
				CLANG_CXX_LANGUAGE_STANDARD = "gnu++14";
				CLANG_CXX_LIBRARY = "libc++";
				CLANG_ENABLE_MODULES = YES;
				CLANG_ENABLE_OBJC_ARC = YES;
				CLANG_ENABLE_OBJC_WEAK = YES;
				CLANG_WARN_BLOCK_CAPTURE_AUTORELEASING = YES;
				CLANG_WARN_BOOL_CONVERSION = YES;
				CLANG_WARN_COMMA = YES;
				CLANG_WARN_CONSTANT_CONVERSION = YES;
				CLANG_WARN_DEPRECATED_OBJC_IMPLEMENTATIONS = YES;
				CLANG_WARN_DIRECT_OBJC_ISA_USAGE = YES_ERROR;
				CLANG_WARN_DOCUMENTATION_COMMENTS = YES;
				CLANG_WARN_EMPTY_BODY = YES;
				CLANG_WARN_ENUM_CONVERSION = YES;
				CLANG_WARN_INFINITE_RECURSION = YES;
				CLANG_WARN_INT_CONVERSION = YES;
				CLANG_WARN_NON_LITERAL_NULL_CONVERSION = YES;
				CLANG_WARN_OBJC_IMPLICIT_RETAIN_SELF = YES;
				CLANG_WARN_OBJC_LITERAL_CONVERSION = YES;
				CLANG_WARN_OBJC_ROOT_CLASS = YES_ERROR;
				CLANG_WARN_RANGE_LOOP_ANALYSIS = YES;
				CLANG_WARN_STRICT_PROTOTYPES = YES;
				CLANG_WARN_SUSPICIOUS_MOVE = YES;
				CLANG_WARN_UNGUARDED_AVAILABILITY = YES_AGGRESSIVE;
				CLANG_WARN_UNREACHABLE_CODE = YES;
				CLANG_WARN__DUPLICATE_METHOD_MATCH = YES;
				CODE_SIGN_IDENTITY = "iPhone Developer";
				COPY_PHASE_STRIP = NO;
				DEBUG_INFORMATION_FORMAT = dwarf;
				ENABLE_STRICT_OBJC_MSGSEND = YES;
				ENABLE_TESTABILITY = YES;
				GCC_C_LANGUAGE_STANDARD = gnu11;
				GCC_DYNAMIC_NO_PIC = NO;
				GCC_NO_COMMON_BLOCKS = YES;
				GCC_OPTIMIZATION_LEVEL = 0;
				GCC_PREPROCESSOR_DEFINITIONS = (
					"DEBUG=1",
					"$(inherited)",
				);
				GCC_WARN_64_TO_32_BIT_CONVERSION = YES;
				GCC_WARN_ABOUT_RETURN_TYPE = YES_ERROR;
				GCC_WARN_UNDECLARED_SELECTOR = YES;
				GCC_WARN_UNINITIALIZED_AUTOS = YES_AGGRESSIVE;
				GCC_WARN_UNUSED_FUNCTION = YES;
				GCC_WARN_UNUSED_VARIABLE = YES;
				IPHONEOS_DEPLOYMENT_TARGET = 11.4;
				MTL_ENABLE_DEBUG_INFO = YES;
				ONLY_ACTIVE_ARCH = YES;
				SDKROOT = iphoneos;
				SWIFT_ACTIVE_COMPILATION_CONDITIONS = DEBUG;
				SWIFT_OPTIMIZATION_LEVEL = "-Onone";
			};
			name = Debug;
		};
		D0974F6A2128778A006CC1AB /* Release */ = {
			isa = XCBuildConfiguration;
			buildSettings = {
				ALWAYS_SEARCH_USER_PATHS = NO;
				CLANG_ANALYZER_NONNULL = YES;
				CLANG_ANALYZER_NUMBER_OBJECT_CONVERSION = YES_AGGRESSIVE;
				CLANG_CXX_LANGUAGE_STANDARD = "gnu++14";
				CLANG_CXX_LIBRARY = "libc++";
				CLANG_ENABLE_MODULES = YES;
				CLANG_ENABLE_OBJC_ARC = YES;
				CLANG_ENABLE_OBJC_WEAK = YES;
				CLANG_WARN_BLOCK_CAPTURE_AUTORELEASING = YES;
				CLANG_WARN_BOOL_CONVERSION = YES;
				CLANG_WARN_COMMA = YES;
				CLANG_WARN_CONSTANT_CONVERSION = YES;
				CLANG_WARN_DEPRECATED_OBJC_IMPLEMENTATIONS = YES;
				CLANG_WARN_DIRECT_OBJC_ISA_USAGE = YES_ERROR;
				CLANG_WARN_DOCUMENTATION_COMMENTS = YES;
				CLANG_WARN_EMPTY_BODY = YES;
				CLANG_WARN_ENUM_CONVERSION = YES;
				CLANG_WARN_INFINITE_RECURSION = YES;
				CLANG_WARN_INT_CONVERSION = YES;
				CLANG_WARN_NON_LITERAL_NULL_CONVERSION = YES;
				CLANG_WARN_OBJC_IMPLICIT_RETAIN_SELF = YES;
				CLANG_WARN_OBJC_LITERAL_CONVERSION = YES;
				CLANG_WARN_OBJC_ROOT_CLASS = YES_ERROR;
				CLANG_WARN_RANGE_LOOP_ANALYSIS = YES;
				CLANG_WARN_STRICT_PROTOTYPES = YES;
				CLANG_WARN_SUSPICIOUS_MOVE = YES;
				CLANG_WARN_UNGUARDED_AVAILABILITY = YES_AGGRESSIVE;
				CLANG_WARN_UNREACHABLE_CODE = YES;
				CLANG_WARN__DUPLICATE_METHOD_MATCH = YES;
				CODE_SIGN_IDENTITY = "iPhone Developer";
				COPY_PHASE_STRIP = NO;
				DEBUG_INFORMATION_FORMAT = "dwarf-with-dsym";
				ENABLE_NS_ASSERTIONS = NO;
				ENABLE_STRICT_OBJC_MSGSEND = YES;
				GCC_C_LANGUAGE_STANDARD = gnu11;
				GCC_NO_COMMON_BLOCKS = YES;
				GCC_WARN_64_TO_32_BIT_CONVERSION = YES;
				GCC_WARN_ABOUT_RETURN_TYPE = YES_ERROR;
				GCC_WARN_UNDECLARED_SELECTOR = YES;
				GCC_WARN_UNINITIALIZED_AUTOS = YES_AGGRESSIVE;
				GCC_WARN_UNUSED_FUNCTION = YES;
				GCC_WARN_UNUSED_VARIABLE = YES;
				IPHONEOS_DEPLOYMENT_TARGET = 11.4;
				MTL_ENABLE_DEBUG_INFO = NO;
				SDKROOT = iphoneos;
				SWIFT_COMPILATION_MODE = wholemodule;
				SWIFT_OPTIMIZATION_LEVEL = "-O";
				VALIDATE_PRODUCT = YES;
			};
			name = Release;
		};
		D0974F6C2128778A006CC1AB /* Debug */ = {
			isa = XCBuildConfiguration;
			buildSettings = {
				ASSETCATALOG_COMPILER_APPICON_NAME = AppIcon;
				CODE_SIGN_STYLE = Automatic;
				INFOPLIST_FILE = Homeowner2/Info.plist;
				LD_RUNPATH_SEARCH_PATHS = (
					"$(inherited)",
					"@executable_path/Frameworks",
				);
				PRODUCT_BUNDLE_IDENTIFIER = "Matt-Green.Homeowner2";
				PRODUCT_NAME = "$(TARGET_NAME)";
				SWIFT_VERSION = 4.0;
				TARGETED_DEVICE_FAMILY = "1,2";
			};
			name = Debug;
		};
		D0974F6D2128778A006CC1AB /* Release */ = {
			isa = XCBuildConfiguration;
			buildSettings = {
				ASSETCATALOG_COMPILER_APPICON_NAME = AppIcon;
				CODE_SIGN_STYLE = Automatic;
				INFOPLIST_FILE = Homeowner2/Info.plist;
				LD_RUNPATH_SEARCH_PATHS = (
					"$(inherited)",
					"@executable_path/Frameworks",
				);
				PRODUCT_BUNDLE_IDENTIFIER = "Matt-Green.Homeowner2";
				PRODUCT_NAME = "$(TARGET_NAME)";
				SWIFT_VERSION = 4.0;
				TARGETED_DEVICE_FAMILY = "1,2";
			};
			name = Release;
		};
/* End XCBuildConfiguration section */

/* Begin XCConfigurationList section */
		D0974F5421287789006CC1AB /* Build configuration list for PBXProject "Homeowner2" */ = {
			isa = XCConfigurationList;
			buildConfigurations = (
				D0974F692128778A006CC1AB /* Debug */,
				D0974F6A2128778A006CC1AB /* Release */,
			);
			defaultConfigurationIsVisible = 0;
			defaultConfigurationName = Release;
		};
		D0974F6B2128778A006CC1AB /* Build configuration list for PBXNativeTarget "Homeowner2" */ = {
			isa = XCConfigurationList;
			buildConfigurations = (
				D0974F6C2128778A006CC1AB /* Debug */,
				D0974F6D2128778A006CC1AB /* Release */,
			);
			defaultConfigurationIsVisible = 0;
			defaultConfigurationName = Release;
		};
/* End XCConfigurationList section */
	};
	rootObject = D0974F5121287789006CC1AB /* Project object */;
}
