// !$*UTF8*$!
{
	archiveVersion = 1;
	classes = {
	};
	objectVersion = 50;
	objects = {

/* Begin PBXBuildFile section */
		D04E8D80214EE99D00B2F140 /* Charts.framework in Frameworks */ = {isa = PBXBuildFile; fileRef = D04E8D7D214EE98F00B2F140 /* Charts.framework */; };
		D04E8D81214EE99D00B2F140 /* Charts.framework in Embed Frameworks */ = {isa = PBXBuildFile; fileRef = D04E8D7D214EE98F00B2F140 /* Charts.framework */; settings = {ATTRIBUTES = (CodeSignOnCopy, RemoveHeadersOnCopy, ); }; };
		D062F9C221290E9800352ED7 /* PieChartMethods.swift in Sources */ = {isa = PBXBuildFile; fileRef = D062F9C121290E9800352ED7 /* PieChartMethods.swift */; };
		D0D2C8FF21290DA100AC68F9 /* AppDelegate.swift in Sources */ = {isa = PBXBuildFile; fileRef = D0D2C8FE21290DA100AC68F9 /* AppDelegate.swift */; };
		D0D2C90121290DA100AC68F9 /* MainViewController.swift in Sources */ = {isa = PBXBuildFile; fileRef = D0D2C90021290DA100AC68F9 /* MainViewController.swift */; };
		D0D2C90421290DA100AC68F9 /* Main.storyboard in Resources */ = {isa = PBXBuildFile; fileRef = D0D2C90221290DA100AC68F9 /* Main.storyboard */; };
		D0D2C90621290DA200AC68F9 /* Assets.xcassets in Resources */ = {isa = PBXBuildFile; fileRef = D0D2C90521290DA200AC68F9 /* Assets.xcassets */; };
		D0D2C90921290DA200AC68F9 /* LaunchScreen.storyboard in Resources */ = {isa = PBXBuildFile; fileRef = D0D2C90721290DA200AC68F9 /* LaunchScreen.storyboard */; };
/* End PBXBuildFile section */

/* Begin PBXContainerItemProxy section */
		D04E8D7C214EE98F00B2F140 /* PBXContainerItemProxy */ = {
			isa = PBXContainerItemProxy;
			containerPortal = D04E8D77214EE98F00B2F140 /* Charts.xcodeproj */;
			proxyType = 2;
			remoteGlobalIDString = 65AD9E95D9ED4DC0BD73A743;
			remoteInfo = Charts;
		};
		D04E8D7E214EE98F00B2F140 /* PBXContainerItemProxy */ = {
			isa = PBXContainerItemProxy;
			containerPortal = D04E8D77214EE98F00B2F140 /* Charts.xcodeproj */;
			proxyType = 2;
			remoteGlobalIDString = 1CBBC58C6CE1EBEE9852CE41;
			remoteInfo = ChartsTests;
		};
		D04E8D82214EE99D00B2F140 /* PBXContainerItemProxy */ = {
			isa = PBXContainerItemProxy;
			containerPortal = D04E8D77214EE98F00B2F140 /* Charts.xcodeproj */;
			proxyType = 1;
			remoteGlobalIDString = A58A4ED274A941CA248EA921;
			remoteInfo = Charts;
		};
/* End PBXContainerItemProxy section */

/* Begin PBXCopyFilesBuildPhase section */
		D062F9BF21290E5000352ED7 /* Embed Frameworks */ = {
			isa = PBXCopyFilesBuildPhase;
			buildActionMask = 2147483647;
			dstPath = "";
			dstSubfolderSpec = 10;
			files = (
				D04E8D81214EE99D00B2F140 /* Charts.framework in Embed Frameworks */,
			);
			name = "Embed Frameworks";
			runOnlyForDeploymentPostprocessing = 0;
		};
/* End PBXCopyFilesBuildPhase section */

/* Begin PBXFileReference section */
		D04E8D77214EE98F00B2F140 /* Charts.xcodeproj */ = {isa = PBXFileReference; lastKnownFileType = "wrapper.pb-project"; name = Charts.xcodeproj; path = "Charts-master/Charts.xcodeproj"; sourceTree = "<group>"; };
		D062F9C121290E9800352ED7 /* PieChartMethods.swift */ = {isa = PBXFileReference; lastKnownFileType = sourcecode.swift; path = PieChartMethods.swift; sourceTree = "<group>"; };
		D0D2C8FB21290DA100AC68F9 /* ChartsTableView.app */ = {isa = PBXFileReference; explicitFileType = wrapper.application; includeInIndex = 0; path = ChartsTableView.app; sourceTree = BUILT_PRODUCTS_DIR; };
		D0D2C8FE21290DA100AC68F9 /* AppDelegate.swift */ = {isa = PBXFileReference; lastKnownFileType = sourcecode.swift; path = AppDelegate.swift; sourceTree = "<group>"; };
		D0D2C90021290DA100AC68F9 /* MainViewController.swift */ = {isa = PBXFileReference; lastKnownFileType = sourcecode.swift; path = MainViewController.swift; sourceTree = "<group>"; };
		D0D2C90321290DA100AC68F9 /* Base */ = {isa = PBXFileReference; lastKnownFileType = file.storyboard; name = Base; path = Base.lproj/Main.storyboard; sourceTree = "<group>"; };
		D0D2C90521290DA200AC68F9 /* Assets.xcassets */ = {isa = PBXFileReference; lastKnownFileType = folder.assetcatalog; path = Assets.xcassets; sourceTree = "<group>"; };
		D0D2C90821290DA200AC68F9 /* Base */ = {isa = PBXFileReference; lastKnownFileType = file.storyboard; name = Base; path = Base.lproj/LaunchScreen.storyboard; sourceTree = "<group>"; };
		D0D2C90A21290DA200AC68F9 /* Info.plist */ = {isa = PBXFileReference; lastKnownFileType = text.plist.xml; path = Info.plist; sourceTree = "<group>"; };
/* End PBXFileReference section */

/* Begin PBXFrameworksBuildPhase section */
		D0D2C8F821290DA100AC68F9 /* Frameworks */ = {
			isa = PBXFrameworksBuildPhase;
			buildActionMask = 2147483647;
			files = (
				D04E8D80214EE99D00B2F140 /* Charts.framework in Frameworks */,
			);
			runOnlyForDeploymentPostprocessing = 0;
		};
/* End PBXFrameworksBuildPhase section */

/* Begin PBXGroup section */
		D04E8D78214EE98F00B2F140 /* Products */ = {
			isa = PBXGroup;
			children = (
				D04E8D7D214EE98F00B2F140 /* Charts.framework */,
				D04E8D7F214EE98F00B2F140 /* ChartsTests.xctest */,
			);
			name = Products;
			sourceTree = "<group>";
		};
		D0D2C8F221290DA100AC68F9 = {
			isa = PBXGroup;
			children = (
				D0D2C8FD21290DA100AC68F9 /* ChartsTableView */,
				D0D2C8FC21290DA100AC68F9 /* Products */,
				D04E8D77214EE98F00B2F140 /* Charts.xcodeproj */,
			);
			sourceTree = "<group>";
		};
		D0D2C8FC21290DA100AC68F9 /* Products */ = {
			isa = PBXGroup;
			children = (
				D0D2C8FB21290DA100AC68F9 /* ChartsTableView.app */,
			);
			name = Products;
			sourceTree = "<group>";
		};
		D0D2C8FD21290DA100AC68F9 /* ChartsTableView */ = {
			isa = PBXGroup;
			children = (
				D0D2C8FE21290DA100AC68F9 /* AppDelegate.swift */,
				D0D2C90021290DA100AC68F9 /* MainViewController.swift */,
				D062F9C121290E9800352ED7 /* PieChartMethods.swift */,
				D0D2C90221290DA100AC68F9 /* Main.storyboard */,
				D0D2C90521290DA200AC68F9 /* Assets.xcassets */,
				D0D2C90721290DA200AC68F9 /* LaunchScreen.storyboard */,
				D0D2C90A21290DA200AC68F9 /* Info.plist */,
			);
			path = ChartsTableView;
			sourceTree = "<group>";
		};
/* End PBXGroup section */

/* Begin PBXNativeTarget section */
		D0D2C8FA21290DA100AC68F9 /* ChartsTableView */ = {
			isa = PBXNativeTarget;
			buildConfigurationList = D0D2C90D21290DA200AC68F9 /* Build configuration list for PBXNativeTarget "ChartsTableView" */;
			buildPhases = (
				D0D2C8F721290DA100AC68F9 /* Sources */,
				D0D2C8F821290DA100AC68F9 /* Frameworks */,
				D0D2C8F921290DA100AC68F9 /* Resources */,
				D062F9BF21290E5000352ED7 /* Embed Frameworks */,
			);
			buildRules = (
			);
			dependencies = (
				D04E8D83214EE99D00B2F140 /* PBXTargetDependency */,
			);
			name = ChartsTableView;
			productName = ChartsTableView;
			productReference = D0D2C8FB21290DA100AC68F9 /* ChartsTableView.app */;
			productType = "com.apple.product-type.application";
		};
/* End PBXNativeTarget section */

/* Begin PBXProject section */
		D0D2C8F321290DA100AC68F9 /* Project object */ = {
			isa = PBXProject;
			attributes = {
				LastSwiftUpdateCheck = 0940;
				LastUpgradeCheck = 0940;
				ORGANIZATIONNAME = "Matt Green";
				TargetAttributes = {
					D0D2C8FA21290DA100AC68F9 = {
						CreatedOnToolsVersion = 9.4.1;
					};
				};
			};
			buildConfigurationList = D0D2C8F621290DA100AC68F9 /* Build configuration list for PBXProject "ChartsTableView" */;
			compatibilityVersion = "Xcode 9.3";
			developmentRegion = en;
			hasScannedForEncodings = 0;
			knownRegions = (
				en,
				Base,
			);
			mainGroup = D0D2C8F221290DA100AC68F9;
			productRefGroup = D0D2C8FC21290DA100AC68F9 /* Products */;
			projectDirPath = "";
			projectReferences = (
				{
					ProductGroup = D04E8D78214EE98F00B2F140 /* Products */;
					ProjectRef = D04E8D77214EE98F00B2F140 /* Charts.xcodeproj */;
				},
			);
			projectRoot = "";
			targets = (
				D0D2C8FA21290DA100AC68F9 /* ChartsTableView */,
			);
		};
/* End PBXProject section */

/* Begin PBXReferenceProxy section */
		D04E8D7D214EE98F00B2F140 /* Charts.framework */ = {
			isa = PBXReferenceProxy;
			fileType = wrapper.framework;
			path = Charts.framework;
			remoteRef = D04E8D7C214EE98F00B2F140 /* PBXContainerItemProxy */;
			sourceTree = BUILT_PRODUCTS_DIR;
		};
		D04E8D7F214EE98F00B2F140 /* ChartsTests.xctest */ = {
			isa = PBXReferenceProxy;
			fileType = wrapper.cfbundle;
			path = ChartsTests.xctest;
			remoteRef = D04E8D7E214EE98F00B2F140 /* PBXContainerItemProxy */;
			sourceTree = BUILT_PRODUCTS_DIR;
		};
/* End PBXReferenceProxy section */

/* Begin PBXResourcesBuildPhase section */
		D0D2C8F921290DA100AC68F9 /* Resources */ = {
			isa = PBXResourcesBuildPhase;
			buildActionMask = 2147483647;
			files = (
				D0D2C90921290DA200AC68F9 /* LaunchScreen.storyboard in Resources */,
				D0D2C90621290DA200AC68F9 /* Assets.xcassets in Resources */,
				D0D2C90421290DA100AC68F9 /* Main.storyboard in Resources */,
			);
			runOnlyForDeploymentPostprocessing = 0;
		};
/* End PBXResourcesBuildPhase section */

/* Begin PBXSourcesBuildPhase section */
		D0D2C8F721290DA100AC68F9 /* Sources */ = {
			isa = PBXSourcesBuildPhase;
			buildActionMask = 2147483647;
			files = (
				D062F9C221290E9800352ED7 /* PieChartMethods.swift in Sources */,
				D0D2C90121290DA100AC68F9 /* MainViewController.swift in Sources */,
				D0D2C8FF21290DA100AC68F9 /* AppDelegate.swift in Sources */,
			);
			runOnlyForDeploymentPostprocessing = 0;
		};
/* End PBXSourcesBuildPhase section */

/* Begin PBXTargetDependency section */
		D04E8D83214EE99D00B2F140 /* PBXTargetDependency */ = {
			isa = PBXTargetDependency;
			name = Charts;
			targetProxy = D04E8D82214EE99D00B2F140 /* PBXContainerItemProxy */;
		};
/* End PBXTargetDependency section */

/* Begin PBXVariantGroup section */
		D0D2C90221290DA100AC68F9 /* Main.storyboard */ = {
			isa = PBXVariantGroup;
			children = (
				D0D2C90321290DA100AC68F9 /* Base */,
			);
			name = Main.storyboard;
			sourceTree = "<group>";
		};
		D0D2C90721290DA200AC68F9 /* LaunchScreen.storyboard */ = {
			isa = PBXVariantGroup;
			children = (
				D0D2C90821290DA200AC68F9 /* Base */,
			);
			name = LaunchScreen.storyboard;
			sourceTree = "<group>";
		};
/* End PBXVariantGroup section */

/* Begin XCBuildConfiguration section */
		D0D2C90B21290DA200AC68F9 /* Debug */ = {
			isa = XCBuildConfiguration;
			buildSettings = {
				ALWAYS_SEARCH_USER_PATHS = NO;
				CLANG_ANALYZER_NONNULL = YES;
				CLANG_ANALYZER_NUMBER_OBJECT_CONVERSION = YES_AGGRESSIVE;
				CLANG_CXX_LANGUAGE_STANDARD = "gnu++14";
				CLANG_CXX_LIBRARY = "libc++";
				CLANG_ENABLE_MODULES = YES;
				CLANG_ENABLE_OBJC_ARC = YES;
				CLANG_ENABLE_OBJC_WEAK = YES;
				CLANG_WARN_BLOCK_CAPTURE_AUTORELEASING = YES;
				CLANG_WARN_BOOL_CONVERSION = YES;
				CLANG_WARN_COMMA = YES;
				CLANG_WARN_CONSTANT_CONVERSION = YES;
				CLANG_WARN_DEPRECATED_OBJC_IMPLEMENTATIONS = YES;
				CLANG_WARN_DIRECT_OBJC_ISA_USAGE = YES_ERROR;
				CLANG_WARN_DOCUMENTATION_COMMENTS = YES;
				CLANG_WARN_EMPTY_BODY = YES;
				CLANG_WARN_ENUM_CONVERSION = YES;
				CLANG_WARN_INFINITE_RECURSION = YES;
				CLANG_WARN_INT_CONVERSION = YES;
				CLANG_WARN_NON_LITERAL_NULL_CONVERSION = YES;
				CLANG_WARN_OBJC_IMPLICIT_RETAIN_SELF = YES;
				CLANG_WARN_OBJC_LITERAL_CONVERSION = YES;
				CLANG_WARN_OBJC_ROOT_CLASS = YES_ERROR;
				CLANG_WARN_RANGE_LOOP_ANALYSIS = YES;
				CLANG_WARN_STRICT_PROTOTYPES = YES;
				CLANG_WARN_SUSPICIOUS_MOVE = YES;
				CLANG_WARN_UNGUARDED_AVAILABILITY = YES_AGGRESSIVE;
				CLANG_WARN_UNREACHABLE_CODE = YES;
				CLANG_WARN__DUPLICATE_METHOD_MATCH = YES;
				CODE_SIGN_IDENTITY = "iPhone Developer";
				COPY_PHASE_STRIP = NO;
				DEBUG_INFORMATION_FORMAT = dwarf;
				ENABLE_STRICT_OBJC_MSGSEND = YES;
				ENABLE_TESTABILITY = YES;
				GCC_C_LANGUAGE_STANDARD = gnu11;
				GCC_DYNAMIC_NO_PIC = NO;
				GCC_NO_COMMON_BLOCKS = YES;
				GCC_OPTIMIZATION_LEVEL = 0;
				GCC_PREPROCESSOR_DEFINITIONS = (
					"DEBUG=1",
					"$(inherited)",
				);
				GCC_WARN_64_TO_32_BIT_CONVERSION = YES;
				GCC_WARN_ABOUT_RETURN_TYPE = YES_ERROR;
				GCC_WARN_UNDECLARED_SELECTOR = YES;
				GCC_WARN_UNINITIALIZED_AUTOS = YES_AGGRESSIVE;
				GCC_WARN_UNUSED_FUNCTION = YES;
				GCC_WARN_UNUSED_VARIABLE = YES;
				IPHONEOS_DEPLOYMENT_TARGET = 11.4;
				MTL_ENABLE_DEBUG_INFO = YES;
				ONLY_ACTIVE_ARCH = YES;
				SDKROOT = iphoneos;
				SWIFT_ACTIVE_COMPILATION_CONDITIONS = DEBUG;
				SWIFT_OPTIMIZATION_LEVEL = "-Onone";
			};
			name = Debug;
		};
		D0D2C90C21290DA200AC68F9 /* Release */ = {
			isa = XCBuildConfiguration;
			buildSettings = {
				ALWAYS_SEARCH_USER_PATHS = NO;
				CLANG_ANALYZER_NONNULL = YES;
				CLANG_ANALYZER_NUMBER_OBJECT_CONVERSION = YES_AGGRESSIVE;
				CLANG_CXX_LANGUAGE_STANDARD = "gnu++14";
				CLANG_CXX_LIBRARY = "libc++";
				CLANG_ENABLE_MODULES = YES;
				CLANG_ENABLE_OBJC_ARC = YES;
				CLANG_ENABLE_OBJC_WEAK = YES;
				CLANG_WARN_BLOCK_CAPTURE_AUTORELEASING = YES;
				CLANG_WARN_BOOL_CONVERSION = YES;
				CLANG_WARN_COMMA = YES;
				CLANG_WARN_CONSTANT_CONVERSION = YES;
				CLANG_WARN_DEPRECATED_OBJC_IMPLEMENTATIONS = YES;
				CLANG_WARN_DIRECT_OBJC_ISA_USAGE = YES_ERROR;
				CLANG_WARN_DOCUMENTATION_COMMENTS = YES;
				CLANG_WARN_EMPTY_BODY = YES;
				CLANG_WARN_ENUM_CONVERSION = YES;
				CLANG_WARN_INFINITE_RECURSION = YES;
				CLANG_WARN_INT_CONVERSION = YES;
				CLANG_WARN_NON_LITERAL_NULL_CONVERSION = YES;
				CLANG_WARN_OBJC_IMPLICIT_RETAIN_SELF = YES;
				CLANG_WARN_OBJC_LITERAL_CONVERSION = YES;
				CLANG_WARN_OBJC_ROOT_CLASS = YES_ERROR;
				CLANG_WARN_RANGE_LOOP_ANALYSIS = YES;
				CLANG_WARN_STRICT_PROTOTYPES = YES;
				CLANG_WARN_SUSPICIOUS_MOVE = YES;
				CLANG_WARN_UNGUARDED_AVAILABILITY = YES_AGGRESSIVE;
				CLANG_WARN_UNREACHABLE_CODE = YES;
				CLANG_WARN__DUPLICATE_METHOD_MATCH = YES;
				CODE_SIGN_IDENTITY = "iPhone Developer";
				COPY_PHASE_STRIP = NO;
				DEBUG_INFORMATION_FORMAT = "dwarf-with-dsym";
				ENABLE_NS_ASSERTIONS = NO;
				ENABLE_STRICT_OBJC_MSGSEND = YES;
				GCC_C_LANGUAGE_STANDARD = gnu11;
				GCC_NO_COMMON_BLOCKS = YES;
				GCC_WARN_64_TO_32_BIT_CONVERSION = YES;
				GCC_WARN_ABOUT_RETURN_TYPE = YES_ERROR;
				GCC_WARN_UNDECLARED_SELECTOR = YES;
				GCC_WARN_UNINITIALIZED_AUTOS = YES_AGGRESSIVE;
				GCC_WARN_UNUSED_FUNCTION = YES;
				GCC_WARN_UNUSED_VARIABLE = YES;
				IPHONEOS_DEPLOYMENT_TARGET = 11.4;
				MTL_ENABLE_DEBUG_INFO = NO;
				SDKROOT = iphoneos;
				SWIFT_COMPILATION_MODE = wholemodule;
				SWIFT_OPTIMIZATION_LEVEL = "-O";
				VALIDATE_PRODUCT = YES;
			};
			name = Release;
		};
		D0D2C90E21290DA200AC68F9 /* Debug */ = {
			isa = XCBuildConfiguration;
			buildSettings = {
				ALWAYS_EMBED_SWIFT_STANDARD_LIBRARIES = YES;
				ASSETCATALOG_COMPILER_APPICON_NAME = AppIcon;
				CODE_SIGN_STYLE = Automatic;
				DEVELOPMENT_TEAM = 4XKKV2P59Y;
				INFOPLIST_FILE = ChartsTableView/Info.plist;
				LD_RUNPATH_SEARCH_PATHS = (
					"$(inherited)",
					"@executable_path/Frameworks",
				);
				PRODUCT_BUNDLE_IDENTIFIER = "Matt-Green.ChartsTableView";
				PRODUCT_NAME = "$(TARGET_NAME)";
				SWIFT_VERSION = 4.0;
				TARGETED_DEVICE_FAMILY = "1,2";
			};
			name = Debug;
		};
		D0D2C90F21290DA200AC68F9 /* Release */ = {
			isa = XCBuildConfiguration;
			buildSettings = {
				ALWAYS_EMBED_SWIFT_STANDARD_LIBRARIES = YES;
				ASSETCATALOG_COMPILER_APPICON_NAME = AppIcon;
				CODE_SIGN_STYLE = Automatic;
				DEVELOPMENT_TEAM = 4XKKV2P59Y;
				INFOPLIST_FILE = ChartsTableView/Info.plist;
				LD_RUNPATH_SEARCH_PATHS = (
					"$(inherited)",
					"@executable_path/Frameworks",
				);
				PRODUCT_BUNDLE_IDENTIFIER = "Matt-Green.ChartsTableView";
				PRODUCT_NAME = "$(TARGET_NAME)";
				SWIFT_VERSION = 4.0;
				TARGETED_DEVICE_FAMILY = "1,2";
			};
			name = Release;
		};
/* End XCBuildConfiguration section */

/* Begin XCConfigurationList section */
		D0D2C8F621290DA100AC68F9 /* Build configuration list for PBXProject "ChartsTableView" */ = {
			isa = XCConfigurationList;
			buildConfigurations = (
				D0D2C90B21290DA200AC68F9 /* Debug */,
				D0D2C90C21290DA200AC68F9 /* Release */,
			);
			defaultConfigurationIsVisible = 0;
			defaultConfigurationName = Release;
		};
		D0D2C90D21290DA200AC68F9 /* Build configuration list for PBXNativeTarget "ChartsTableView" */ = {
			isa = XCConfigurationList;
			buildConfigurations = (
				D0D2C90E21290DA200AC68F9 /* Debug */,
				D0D2C90F21290DA200AC68F9 /* Release */,
			);
			defaultConfigurationIsVisible = 0;
			defaultConfigurationName = Release;
		};
/* End XCConfigurationList section */
	};
	rootObject = D0D2C8F321290DA100AC68F9 /* Project object */;
}
